
Microsoft Visual Studio Solution File, Format Version 12.00
# Visual Studio 15
VisualStudioVersion = 15.0.27428.2037
MinimumVisualStudioVersion = 10.0.40219.1
Project("{FAE04EC0-301F-11D3-BF4B-00C04F79EFBC}") = "SqlServerColumnstoreSample", "SqlServerColumnstoreSample\SqlServerColumnstoreSample.csproj", "{FE1A5AB9-280D-44D5-8C10-7BC47D2C1EA0}"
EndProject
Global
	GlobalSection(SolutionConfigurationPlatforms) = preSolution
		Debug|Any CPU = Debug|Any CPU
		Release|Any CPU = Release|Any CPU
	EndGlobalSection
	GlobalSection(ProjectConfigurationPlatforms) = postSolution
		{FE1A5AB9-280D-44D5-8C10-7BC47D2C1EA0}.Debug|Any CPU.ActiveCfg = Debug|Any CPU
		{FE1A5AB9-280D-44D5-8C10-7BC47D2C1EA0}.Debug|Any CPU.Build.0 = Debug|Any CPU
		{FE1A5AB9-280D-44D5-8C10-7BC47D2C1EA0}.Release|Any CPU.ActiveCfg = Release|Any CPU
		{FE1A5AB9-280D-44D5-8C10-7BC47D2C1EA0}.Release|Any CPU.Build.0 = Release|Any CPU
	EndGlobalSection
	GlobalSection(SolutionProperties) = preSolution
		HideSolutionNode = FALSE
	EndGlobalSection
	GlobalSection(ExtensibilityGlobals) = postSolution
		SolutionGuid = {8050915A-3EB6-4904-8063-486EB6F2447F}
	EndGlobalSection
EndGlobal
